// !$*UTF8*$!
{
	archiveVersion = 1;
	classes = {
	};
	objectVersion = 50;
	objects = {

/* Begin PBXBuildFile section */
		BA33644423CE9C4600A7A633 /* FollowerListVC.swift in Sources */ = {isa = PBXBuildFile; fileRef = BA33644323CE9C4600A7A633 /* FollowerListVC.swift */; };
		BA33644623CEA50B00A7A633 /* GFTitleLabel.swift in Sources */ = {isa = PBXBuildFile; fileRef = BA33644523CEA50B00A7A633 /* GFTitleLabel.swift */; };
		BA33644823CEA99000A7A633 /* GFBodyLabel.swift in Sources */ = {isa = PBXBuildFile; fileRef = BA33644723CEA99000A7A633 /* GFBodyLabel.swift */; };
		BA33644A23CEAC0000A7A633 /* GFAlertVC.swift in Sources */ = {isa = PBXBuildFile; fileRef = BA33644923CEAC0000A7A633 /* GFAlertVC.swift */; };
		BA33644C23CEB4BF00A7A633 /* UIViewController+Ext.swift in Sources */ = {isa = PBXBuildFile; fileRef = BA33644B23CEB4BF00A7A633 /* UIViewController+Ext.swift */; };
		BA691F2823C6ACA5008EFFC2 /* AppDelegate.swift in Sources */ = {isa = PBXBuildFile; fileRef = BA691F2723C6ACA5008EFFC2 /* AppDelegate.swift */; };
		BA691F2A23C6ACA5008EFFC2 /* SceneDelegate.swift in Sources */ = {isa = PBXBuildFile; fileRef = BA691F2923C6ACA5008EFFC2 /* SceneDelegate.swift */; };
		BA691F3123C6ACA8008EFFC2 /* Assets.xcassets in Resources */ = {isa = PBXBuildFile; fileRef = BA691F3023C6ACA8008EFFC2 /* Assets.xcassets */; };
		BA691F3423C6ACA8008EFFC2 /* LaunchScreen.storyboard in Resources */ = {isa = PBXBuildFile; fileRef = BA691F3223C6ACA8008EFFC2 /* LaunchScreen.storyboard */; };
		BA76A94123C80B450045F216 /* SearchVC.swift in Sources */ = {isa = PBXBuildFile; fileRef = BA76A94023C80B450045F216 /* SearchVC.swift */; };
		BA76A94323C80B960045F216 /* FavoritesListVC.swift in Sources */ = {isa = PBXBuildFile; fileRef = BA76A94223C80B960045F216 /* FavoritesListVC.swift */; };
		BAA21D4123CC0D3A0068D971 /* GFButton.swift in Sources */ = {isa = PBXBuildFile; fileRef = BAA21D4023CC0D3A0068D971 /* GFButton.swift */; };
		BAA21D4323CC10490068D971 /* GFTextField.swift in Sources */ = {isa = PBXBuildFile; fileRef = BAA21D4223CC10490068D971 /* GFTextField.swift */; };
/* End PBXBuildFile section */

/* Begin PBXFileReference section */
		BA33644323CE9C4600A7A633 /* FollowerListVC.swift */ = {isa = PBXFileReference; lastKnownFileType = sourcecode.swift; path = FollowerListVC.swift; sourceTree = "<group>"; };
		BA33644523CEA50B00A7A633 /* GFTitleLabel.swift */ = {isa = PBXFileReference; lastKnownFileType = sourcecode.swift; path = GFTitleLabel.swift; sourceTree = "<group>"; };
		BA33644723CEA99000A7A633 /* GFBodyLabel.swift */ = {isa = PBXFileReference; lastKnownFileType = sourcecode.swift; path = GFBodyLabel.swift; sourceTree = "<group>"; };
		BA33644923CEAC0000A7A633 /* GFAlertVC.swift */ = {isa = PBXFileReference; lastKnownFileType = sourcecode.swift; path = GFAlertVC.swift; sourceTree = "<group>"; };
		BA33644B23CEB4BF00A7A633 /* UIViewController+Ext.swift */ = {isa = PBXFileReference; lastKnownFileType = sourcecode.swift; path = "UIViewController+Ext.swift"; sourceTree = "<group>"; };
		BA691F2423C6ACA5008EFFC2 /* GitHub Followers.app */ = {isa = PBXFileReference; explicitFileType = wrapper.application; includeInIndex = 0; path = "GitHub Followers.app"; sourceTree = BUILT_PRODUCTS_DIR; };
		BA691F2723C6ACA5008EFFC2 /* AppDelegate.swift */ = {isa = PBXFileReference; lastKnownFileType = sourcecode.swift; path = AppDelegate.swift; sourceTree = "<group>"; };
		BA691F2923C6ACA5008EFFC2 /* SceneDelegate.swift */ = {isa = PBXFileReference; lastKnownFileType = sourcecode.swift; path = SceneDelegate.swift; sourceTree = "<group>"; };
		BA691F3023C6ACA8008EFFC2 /* Assets.xcassets */ = {isa = PBXFileReference; lastKnownFileType = folder.assetcatalog; path = Assets.xcassets; sourceTree = "<group>"; };
		BA691F3323C6ACA8008EFFC2 /* Base */ = {isa = PBXFileReference; lastKnownFileType = file.storyboard; name = Base; path = Base.lproj/LaunchScreen.storyboard; sourceTree = "<group>"; };
		BA691F3523C6ACA8008EFFC2 /* Info.plist */ = {isa = PBXFileReference; lastKnownFileType = text.plist.xml; path = Info.plist; sourceTree = "<group>"; };
		BA76A94023C80B450045F216 /* SearchVC.swift */ = {isa = PBXFileReference; lastKnownFileType = sourcecode.swift; path = SearchVC.swift; sourceTree = "<group>"; };
		BA76A94223C80B960045F216 /* FavoritesListVC.swift */ = {isa = PBXFileReference; lastKnownFileType = sourcecode.swift; path = FavoritesListVC.swift; sourceTree = "<group>"; };
		BAA21D4023CC0D3A0068D971 /* GFButton.swift */ = {isa = PBXFileReference; lastKnownFileType = sourcecode.swift; path = GFButton.swift; sourceTree = "<group>"; };
		BAA21D4223CC10490068D971 /* GFTextField.swift */ = {isa = PBXFileReference; lastKnownFileType = sourcecode.swift; path = GFTextField.swift; sourceTree = "<group>"; };
/* End PBXFileReference section */

/* Begin PBXFrameworksBuildPhase section */
		BA691F2123C6ACA5008EFFC2 /* Frameworks */ = {
			isa = PBXFrameworksBuildPhase;
			buildActionMask = 2147483647;
			files = (
			);
			runOnlyForDeploymentPostprocessing = 0;
		};
/* End PBXFrameworksBuildPhase section */

/* Begin PBXGroup section */
		BA691F1B23C6ACA5008EFFC2 = {
			isa = PBXGroup;
			children = (
				BA691F2623C6ACA5008EFFC2 /* GitHub Followers */,
				BA691F2523C6ACA5008EFFC2 /* Products */,
			);
			sourceTree = "<group>";
		};
		BA691F2523C6ACA5008EFFC2 /* Products */ = {
			isa = PBXGroup;
			children = (
				BA691F2423C6ACA5008EFFC2 /* GitHub Followers.app */,
			);
			name = Products;
			sourceTree = "<group>";
		};
		BA691F2623C6ACA5008EFFC2 /* GitHub Followers */ = {
			isa = PBXGroup;
			children = (
				BA691F2723C6ACA5008EFFC2 /* AppDelegate.swift */,
				BA691F2923C6ACA5008EFFC2 /* SceneDelegate.swift */,
				BA691F3023C6ACA8008EFFC2 /* Assets.xcassets */,
				BA691F3223C6ACA8008EFFC2 /* LaunchScreen.storyboard */,
				BA691F3523C6ACA8008EFFC2 /* Info.plist */,
				BA76A94023C80B450045F216 /* SearchVC.swift */,
				BA76A94223C80B960045F216 /* FavoritesListVC.swift */,
				BAA21D4023CC0D3A0068D971 /* GFButton.swift */,
				BAA21D4223CC10490068D971 /* GFTextField.swift */,
				BA33644323CE9C4600A7A633 /* FollowerListVC.swift */,
				BA33644523CEA50B00A7A633 /* GFTitleLabel.swift */,
				BA33644723CEA99000A7A633 /* GFBodyLabel.swift */,
				BA33644923CEAC0000A7A633 /* GFAlertVC.swift */,
				BA33644B23CEB4BF00A7A633 /* UIViewController+Ext.swift */,
			);
			path = "GitHub Followers";
			sourceTree = "<group>";
		};
/* End PBXGroup section */

/* Begin PBXNativeTarget section */
		BA691F2323C6ACA5008EFFC2 /* GitHub Followers */ = {
			isa = PBXNativeTarget;
			buildConfigurationList = BA691F3823C6ACA8008EFFC2 /* Build configuration list for PBXNativeTarget "GitHub Followers" */;
			buildPhases = (
				BA691F2023C6ACA5008EFFC2 /* Sources */,
				BA691F2123C6ACA5008EFFC2 /* Frameworks */,
				BA691F2223C6ACA5008EFFC2 /* Resources */,
			);
			buildRules = (
			);
			dependencies = (
			);
			name = "GitHub Followers";
			productName = "GitHub Followers";
			productReference = BA691F2423C6ACA5008EFFC2 /* GitHub Followers.app */;
			productType = "com.apple.product-type.application";
		};
/* End PBXNativeTarget section */

/* Begin PBXProject section */
		BA691F1C23C6ACA5008EFFC2 /* Project object */ = {
			isa = PBXProject;
			attributes = {
				LastSwiftUpdateCheck = 1130;
				LastUpgradeCheck = 1130;
				ORGANIZATIONNAME = "Mario Elorza";
				TargetAttributes = {
					BA691F2323C6ACA5008EFFC2 = {
						CreatedOnToolsVersion = 11.3;
					};
				};
			};
			buildConfigurationList = BA691F1F23C6ACA5008EFFC2 /* Build configuration list for PBXProject "GitHub Followers" */;
			compatibilityVersion = "Xcode 9.3";
			developmentRegion = en;
			hasScannedForEncodings = 0;
			knownRegions = (
				en,
				Base,
			);
			mainGroup = BA691F1B23C6ACA5008EFFC2;
			productRefGroup = BA691F2523C6ACA5008EFFC2 /* Products */;
			projectDirPath = "";
			projectRoot = "";
			targets = (
				BA691F2323C6ACA5008EFFC2 /* GitHub Followers */,
			);
		};
/* End PBXProject section */

/* Begin PBXResourcesBuildPhase section */
		BA691F2223C6ACA5008EFFC2 /* Resources */ = {
			isa = PBXResourcesBuildPhase;
			buildActionMask = 2147483647;
			files = (
				BA691F3423C6ACA8008EFFC2 /* LaunchScreen.storyboard in Resources */,
				BA691F3123C6ACA8008EFFC2 /* Assets.xcassets in Resources */,
			);
			runOnlyForDeploymentPostprocessing = 0;
		};
/* End PBXResourcesBuildPhase section */

/* Begin PBXSourcesBuildPhase section */
		BA691F2023C6ACA5008EFFC2 /* Sources */ = {
			isa = PBXSourcesBuildPhase;
			buildActionMask = 2147483647;
			files = (
				BAA21D4323CC10490068D971 /* GFTextField.swift in Sources */,
				BA33644A23CEAC0000A7A633 /* GFAlertVC.swift in Sources */,
				BA76A94323C80B960045F216 /* FavoritesListVC.swift in Sources */,
				BA33644C23CEB4BF00A7A633 /* UIViewController+Ext.swift in Sources */,
				BAA21D4123CC0D3A0068D971 /* GFButton.swift in Sources */,
				BA76A94123C80B450045F216 /* SearchVC.swift in Sources */,
				BA33644823CEA99000A7A633 /* GFBodyLabel.swift in Sources */,
				BA33644623CEA50B00A7A633 /* GFTitleLabel.swift in Sources */,
				BA33644423CE9C4600A7A633 /* FollowerListVC.swift in Sources */,
				BA691F2823C6ACA5008EFFC2 /* AppDelegate.swift in Sources */,
				BA691F2A23C6ACA5008EFFC2 /* SceneDelegate.swift in Sources */,
			);
			runOnlyForDeploymentPostprocessing = 0;
		};
/* End PBXSourcesBuildPhase section */

/* Begin PBXVariantGroup section */
		BA691F3223C6ACA8008EFFC2 /* LaunchScreen.storyboard */ = {
			isa = PBXVariantGroup;
			children = (
				BA691F3323C6ACA8008EFFC2 /* Base */,
			);
			name = LaunchScreen.storyboard;
			sourceTree = "<group>";
		};
/* End PBXVariantGroup section */

/* Begin XCBuildConfiguration section */
		BA691F3623C6ACA8008EFFC2 /* Debug */ = {
			isa = XCBuildConfiguration;
			buildSettings = {
				ALWAYS_SEARCH_USER_PATHS = NO;
				CLANG_ANALYZER_NONNULL = YES;
				CLANG_ANALYZER_NUMBER_OBJECT_CONVERSION = YES_AGGRESSIVE;
				CLANG_CXX_LANGUAGE_STANDARD = "gnu++14";
				CLANG_CXX_LIBRARY = "libc++";
				CLANG_ENABLE_MODULES = YES;
				CLANG_ENABLE_OBJC_ARC = YES;
				CLANG_ENABLE_OBJC_WEAK = YES;
				CLANG_WARN_BLOCK_CAPTURE_AUTORELEASING = YES;
				CLANG_WARN_BOOL_CONVERSION = YES;
				CLANG_WARN_COMMA = YES;
				CLANG_WARN_CONSTANT_CONVERSION = YES;
				CLANG_WARN_DEPRECATED_OBJC_IMPLEMENTATIONS = YES;
				CLANG_WARN_DIRECT_OBJC_ISA_USAGE = YES_ERROR;
				CLANG_WARN_DOCUMENTATION_COMMENTS = YES;
				CLANG_WARN_EMPTY_BODY = YES;
				CLANG_WARN_ENUM_CONVERSION = YES;
				CLANG_WARN_INFINITE_RECURSION = YES;
				CLANG_WARN_INT_CONVERSION = YES;
				CLANG_WARN_NON_LITERAL_NULL_CONVERSION = YES;
				CLANG_WARN_OBJC_IMPLICIT_RETAIN_SELF = YES;
				CLANG_WARN_OBJC_LITERAL_CONVERSION = YES;
				CLANG_WARN_OBJC_ROOT_CLASS = YES_ERROR;
				CLANG_WARN_RANGE_LOOP_ANALYSIS = YES;
				CLANG_WARN_STRICT_PROTOTYPES = YES;
				CLANG_WARN_SUSPICIOUS_MOVE = YES;
				CLANG_WARN_UNGUARDED_AVAILABILITY = YES_AGGRESSIVE;
				CLANG_WARN_UNREACHABLE_CODE = YES;
				CLANG_WARN__DUPLICATE_METHOD_MATCH = YES;
				COPY_PHASE_STRIP = NO;
				DEBUG_INFORMATION_FORMAT = dwarf;
				ENABLE_STRICT_OBJC_MSGSEND = YES;
				ENABLE_TESTABILITY = YES;
				GCC_C_LANGUAGE_STANDARD = gnu11;
				GCC_DYNAMIC_NO_PIC = NO;
				GCC_NO_COMMON_BLOCKS = YES;
				GCC_OPTIMIZATION_LEVEL = 0;
				GCC_PREPROCESSOR_DEFINITIONS = (
					"DEBUG=1",
					"$(inherited)",
				);
				GCC_WARN_64_TO_32_BIT_CONVERSION = YES;
				GCC_WARN_ABOUT_RETURN_TYPE = YES_ERROR;
				GCC_WARN_UNDECLARED_SELECTOR = YES;
				GCC_WARN_UNINITIALIZED_AUTOS = YES_AGGRESSIVE;
				GCC_WARN_UNUSED_FUNCTION = YES;
				GCC_WARN_UNUSED_VARIABLE = YES;
				IPHONEOS_DEPLOYMENT_TARGET = 13.2;
				MTL_ENABLE_DEBUG_INFO = INCLUDE_SOURCE;
				MTL_FAST_MATH = YES;
				ONLY_ACTIVE_ARCH = YES;
				SDKROOT = iphoneos;
				SWIFT_ACTIVE_COMPILATION_CONDITIONS = DEBUG;
				SWIFT_OPTIMIZATION_LEVEL = "-Onone";
			};
			name = Debug;
		};
		BA691F3723C6ACA8008EFFC2 /* Release */ = {
			isa = XCBuildConfiguration;
			buildSettings = {
				ALWAYS_SEARCH_USER_PATHS = NO;
				CLANG_ANALYZER_NONNULL = YES;
				CLANG_ANALYZER_NUMBER_OBJECT_CONVERSION = YES_AGGRESSIVE;
				CLANG_CXX_LANGUAGE_STANDARD = "gnu++14";
				CLANG_CXX_LIBRARY = "libc++";
				CLANG_ENABLE_MODULES = YES;
				CLANG_ENABLE_OBJC_ARC = YES;
				CLANG_ENABLE_OBJC_WEAK = YES;
				CLANG_WARN_BLOCK_CAPTURE_AUTORELEASING = YES;
				CLANG_WARN_BOOL_CONVERSION = YES;
				CLANG_WARN_COMMA = YES;
				CLANG_WARN_CONSTANT_CONVERSION = YES;
				CLANG_WARN_DEPRECATED_OBJC_IMPLEMENTATIONS = YES;
				CLANG_WARN_DIRECT_OBJC_ISA_USAGE = YES_ERROR;
				CLANG_WARN_DOCUMENTATION_COMMENTS = YES;
				CLANG_WARN_EMPTY_BODY = YES;
				CLANG_WARN_ENUM_CONVERSION = YES;
				CLANG_WARN_INFINITE_RECURSION = YES;
				CLANG_WARN_INT_CONVERSION = YES;
				CLANG_WARN_NON_LITERAL_NULL_CONVERSION = YES;
				CLANG_WARN_OBJC_IMPLICIT_RETAIN_SELF = YES;
				CLANG_WARN_OBJC_LITERAL_CONVERSION = YES;
				CLANG_WARN_OBJC_ROOT_CLASS = YES_ERROR;
				CLANG_WARN_RANGE_LOOP_ANALYSIS = YES;
				CLANG_WARN_STRICT_PROTOTYPES = YES;
				CLANG_WARN_SUSPICIOUS_MOVE = YES;
				CLANG_WARN_UNGUARDED_AVAILABILITY = YES_AGGRESSIVE;
				CLANG_WARN_UNREACHABLE_CODE = YES;
				CLANG_WARN__DUPLICATE_METHOD_MATCH = YES;
				COPY_PHASE_STRIP = NO;
				DEBUG_INFORMATION_FORMAT = "dwarf-with-dsym";
				ENABLE_NS_ASSERTIONS = NO;
				ENABLE_STRICT_OBJC_MSGSEND = YES;
				GCC_C_LANGUAGE_STANDARD = gnu11;
				GCC_NO_COMMON_BLOCKS = YES;
				GCC_WARN_64_TO_32_BIT_CONVERSION = YES;
				GCC_WARN_ABOUT_RETURN_TYPE = YES_ERROR;
				GCC_WARN_UNDECLARED_SELECTOR = YES;
				GCC_WARN_UNINITIALIZED_AUTOS = YES_AGGRESSIVE;
				GCC_WARN_UNUSED_FUNCTION = YES;
				GCC_WARN_UNUSED_VARIABLE = YES;
				IPHONEOS_DEPLOYMENT_TARGET = 13.2;
				MTL_ENABLE_DEBUG_INFO = NO;
				MTL_FAST_MATH = YES;
				SDKROOT = iphoneos;
				SWIFT_COMPILATION_MODE = wholemodule;
				SWIFT_OPTIMIZATION_LEVEL = "-O";
				VALIDATE_PRODUCT = YES;
			};
			name = Release;
		};
		BA691F3923C6ACA8008EFFC2 /* Debug */ = {
			isa = XCBuildConfiguration;
			buildSettings = {
				ASSETCATALOG_COMPILER_APPICON_NAME = AppIcon;
				CODE_SIGN_STYLE = Automatic;
				DEVELOPMENT_TEAM = WU4PT86EQ2;
				INFOPLIST_FILE = "GitHub Followers/Info.plist";
				LD_RUNPATH_SEARCH_PATHS = (
					"$(inherited)",
					"@executable_path/Frameworks",
				);
				PRODUCT_BUNDLE_IDENTIFIER = "com.marioelo.GitHub-Followers";
				PRODUCT_NAME = "$(TARGET_NAME)";
				SWIFT_VERSION = 5.0;
				TARGETED_DEVICE_FAMILY = 1;
			};
			name = Debug;
		};
		BA691F3A23C6ACA8008EFFC2 /* Release */ = {
			isa = XCBuildConfiguration;
			buildSettings = {
				ASSETCATALOG_COMPILER_APPICON_NAME = AppIcon;
				CODE_SIGN_STYLE = Automatic;
				DEVELOPMENT_TEAM = WU4PT86EQ2;
				INFOPLIST_FILE = "GitHub Followers/Info.plist";
				LD_RUNPATH_SEARCH_PATHS = (
					"$(inherited)",
					"@executable_path/Frameworks",
				);
				PRODUCT_BUNDLE_IDENTIFIER = "com.marioelo.GitHub-Followers";
				PRODUCT_NAME = "$(TARGET_NAME)";
				SWIFT_VERSION = 5.0;
				TARGETED_DEVICE_FAMILY = 1;
			};
			name = Release;
		};
/* End XCBuildConfiguration section */

/* Begin XCConfigurationList section */
		BA691F1F23C6ACA5008EFFC2 /* Build configuration list for PBXProject "GitHub Followers" */ = {
			isa = XCConfigurationList;
			buildConfigurations = (
				BA691F3623C6ACA8008EFFC2 /* Debug */,
				BA691F3723C6ACA8008EFFC2 /* Release */,
			);
			defaultConfigurationIsVisible = 0;
			defaultConfigurationName = Release;
		};
		BA691F3823C6ACA8008EFFC2 /* Build configuration list for PBXNativeTarget "GitHub Followers" */ = {
			isa = XCConfigurationList;
			buildConfigurations = (
				BA691F3923C6ACA8008EFFC2 /* Debug */,
				BA691F3A23C6ACA8008EFFC2 /* Release */,
			);
			defaultConfigurationIsVisible = 0;
			defaultConfigurationName = Release;
		};
/* End XCConfigurationList section */
	};
	rootObject = BA691F1C23C6ACA5008EFFC2 /* Project object */;
}
